github.com/kettek/apng v0.0.0-20220823221153-ff692776a607 h1:8tP9cdXzcGX2AvweVVG/lxbI7BSjWbNNUustwJ9dQVA=
github.com/kettek/apng v0.0.0-20220823221153-ff692776a607/go.mod h1:x78/VRQYKuCftMWS0uK5e+F5RJ7S4gSlESRWI0Prl6Q=
github.com/skip2/go-qrcode v0.0.0-20200617195104-da1b6568686e h1:MRM5ITcdelLK2j1vwZ3Je0FKVCfqOLp5zO6trqMLYs0=
github.com/skip2/go-qrcode v0.0.0-20200617195104-da1b6568686e/go.mod h1:XV66xRDqSt+GTGFMVlhk3ULuV0y9ZmzeVGR4mloJI3M=
